
Microsoft Visual Studio Solution File, Format Version 11.00
# Visual Studio 2010
Project("{FAE04EC0-301F-11D3-BF4B-00C04F79EFBC}") = "2_A_Delegate_Command", "DelegateVsInterface\2_A_Delegate_Command.csproj", "{99185611-09CD-4724-B84F-B2712ABBFD0A}"
EndProject
Project("{FAE04EC0-301F-11D3-BF4B-00C04F79EFBC}") = "4_CompositeCommand_Is_An_Event", "EventIsJustACompositeCommand\4_CompositeCommand_Is_An_Event.csproj", "{E83F10DF-5AC1-4612-A469-00A19A928DE5}"
EndProject
Project("{FAE04EC0-301F-11D3-BF4B-00C04F79EFBC}") = "1_A_Normal_Command", "1_A_Normal_Command\1_A_Normal_Command.csproj", "{F193CDBA-5B49-4D27-93C0-5338245749B6}"
EndProject
Project("{FAE04EC0-301F-11D3-BF4B-00C04F79EFBC}") = "3_A_Composite_Command", "3_A_Composite_Command\3_A_Composite_Command.csproj", "{A948C74B-FC55-4E93-849A-41A5091E9848}"
EndProject
Project("{F088123C-0E9E-452A-89E6-6BA2F21D5CAC}") = "ModelingProject", "ModelingProject\ModelingProject.modelproj", "{F25C00DA-6421-41B1-9BA5-FDA26EED6A5A}"
EndProject
Global
	GlobalSection(SolutionConfigurationPlatforms) = preSolution
		Debug|Any CPU = Debug|Any CPU
		Debug|Mixed Platforms = Debug|Mixed Platforms
		Debug|x86 = Debug|x86
		Release|Any CPU = Release|Any CPU
		Release|Mixed Platforms = Release|Mixed Platforms
		Release|x86 = Release|x86
	EndGlobalSection
	GlobalSection(ProjectConfigurationPlatforms) = postSolution
		{99185611-09CD-4724-B84F-B2712ABBFD0A}.Debug|Any CPU.ActiveCfg = Debug|x86
		{99185611-09CD-4724-B84F-B2712ABBFD0A}.Debug|Mixed Platforms.ActiveCfg = Debug|x86
		{99185611-09CD-4724-B84F-B2712ABBFD0A}.Debug|Mixed Platforms.Build.0 = Debug|x86
		{99185611-09CD-4724-B84F-B2712ABBFD0A}.Debug|x86.ActiveCfg = Debug|x86
		{99185611-09CD-4724-B84F-B2712ABBFD0A}.Debug|x86.Build.0 = Debug|x86
		{99185611-09CD-4724-B84F-B2712ABBFD0A}.Release|Any CPU.ActiveCfg = Release|x86
		{99185611-09CD-4724-B84F-B2712ABBFD0A}.Release|Mixed Platforms.ActiveCfg = Release|x86
		{99185611-09CD-4724-B84F-B2712ABBFD0A}.Release|Mixed Platforms.Build.0 = Release|x86
		{99185611-09CD-4724-B84F-B2712ABBFD0A}.Release|x86.ActiveCfg = Release|x86
		{99185611-09CD-4724-B84F-B2712ABBFD0A}.Release|x86.Build.0 = Release|x86
		{E83F10DF-5AC1-4612-A469-00A19A928DE5}.Debug|Any CPU.ActiveCfg = Debug|x86
		{E83F10DF-5AC1-4612-A469-00A19A928DE5}.Debug|Mixed Platforms.ActiveCfg = Debug|x86
		{E83F10DF-5AC1-4612-A469-00A19A928DE5}.Debug|Mixed Platforms.Build.0 = Debug|x86
		{E83F10DF-5AC1-4612-A469-00A19A928DE5}.Debug|x86.ActiveCfg = Debug|x86
		{E83F10DF-5AC1-4612-A469-00A19A928DE5}.Debug|x86.Build.0 = Debug|x86
		{E83F10DF-5AC1-4612-A469-00A19A928DE5}.Release|Any CPU.ActiveCfg = Release|x86
		{E83F10DF-5AC1-4612-A469-00A19A928DE5}.Release|Mixed Platforms.ActiveCfg = Release|x86
		{E83F10DF-5AC1-4612-A469-00A19A928DE5}.Release|Mixed Platforms.Build.0 = Release|x86
		{E83F10DF-5AC1-4612-A469-00A19A928DE5}.Release|x86.ActiveCfg = Release|x86
		{E83F10DF-5AC1-4612-A469-00A19A928DE5}.Release|x86.Build.0 = Release|x86
		{F193CDBA-5B49-4D27-93C0-5338245749B6}.Debug|Any CPU.ActiveCfg = Debug|x86
		{F193CDBA-5B49-4D27-93C0-5338245749B6}.Debug|Mixed Platforms.ActiveCfg = Debug|x86
		{F193CDBA-5B49-4D27-93C0-5338245749B6}.Debug|Mixed Platforms.Build.0 = Debug|x86
		{F193CDBA-5B49-4D27-93C0-5338245749B6}.Debug|x86.ActiveCfg = Debug|x86
		{F193CDBA-5B49-4D27-93C0-5338245749B6}.Debug|x86.Build.0 = Debug|x86
		{F193CDBA-5B49-4D27-93C0-5338245749B6}.Release|Any CPU.ActiveCfg = Release|x86
		{F193CDBA-5B49-4D27-93C0-5338245749B6}.Release|Mixed Platforms.ActiveCfg = Release|x86
		{F193CDBA-5B49-4D27-93C0-5338245749B6}.Release|Mixed Platforms.Build.0 = Release|x86
		{F193CDBA-5B49-4D27-93C0-5338245749B6}.Release|x86.ActiveCfg = Release|x86
		{F193CDBA-5B49-4D27-93C0-5338245749B6}.Release|x86.Build.0 = Release|x86
		{A948C74B-FC55-4E93-849A-41A5091E9848}.Debug|Any CPU.ActiveCfg = Debug|x86
		{A948C74B-FC55-4E93-849A-41A5091E9848}.Debug|Mixed Platforms.ActiveCfg = Debug|x86
		{A948C74B-FC55-4E93-849A-41A5091E9848}.Debug|Mixed Platforms.Build.0 = Debug|x86
		{A948C74B-FC55-4E93-849A-41A5091E9848}.Debug|x86.ActiveCfg = Debug|x86
		{A948C74B-FC55-4E93-849A-41A5091E9848}.Debug|x86.Build.0 = Debug|x86
		{A948C74B-FC55-4E93-849A-41A5091E9848}.Release|Any CPU.ActiveCfg = Release|x86
		{A948C74B-FC55-4E93-849A-41A5091E9848}.Release|Mixed Platforms.ActiveCfg = Release|x86
		{A948C74B-FC55-4E93-849A-41A5091E9848}.Release|Mixed Platforms.Build.0 = Release|x86
		{A948C74B-FC55-4E93-849A-41A5091E9848}.Release|x86.ActiveCfg = Release|x86
		{A948C74B-FC55-4E93-849A-41A5091E9848}.Release|x86.Build.0 = Release|x86
		{F25C00DA-6421-41B1-9BA5-FDA26EED6A5A}.Debug|Any CPU.ActiveCfg = Debug|Any CPU
		{F25C00DA-6421-41B1-9BA5-FDA26EED6A5A}.Debug|Any CPU.Build.0 = Debug|Any CPU
		{F25C00DA-6421-41B1-9BA5-FDA26EED6A5A}.Debug|Mixed Platforms.ActiveCfg = Debug|Any CPU
		{F25C00DA-6421-41B1-9BA5-FDA26EED6A5A}.Debug|Mixed Platforms.Build.0 = Debug|Any CPU
		{F25C00DA-6421-41B1-9BA5-FDA26EED6A5A}.Debug|x86.ActiveCfg = Debug|Any CPU
		{F25C00DA-6421-41B1-9BA5-FDA26EED6A5A}.Release|Any CPU.ActiveCfg = Release|Any CPU
		{F25C00DA-6421-41B1-9BA5-FDA26EED6A5A}.Release|Any CPU.Build.0 = Release|Any CPU
		{F25C00DA-6421-41B1-9BA5-FDA26EED6A5A}.Release|Mixed Platforms.ActiveCfg = Release|Any CPU
		{F25C00DA-6421-41B1-9BA5-FDA26EED6A5A}.Release|Mixed Platforms.Build.0 = Release|Any CPU
		{F25C00DA-6421-41B1-9BA5-FDA26EED6A5A}.Release|x86.ActiveCfg = Release|Any CPU
	EndGlobalSection
	GlobalSection(SolutionProperties) = preSolution
		HideSolutionNode = FALSE
	EndGlobalSection
EndGlobal
